// !$*UTF8*$!
{
	archiveVersion = 1;
	classes = {
	};
	objectVersion = 77;
	objects = {

/* Begin PBXContainerItemProxy section */
		6FEFD4392D00777600DE8FE0 /* PBXContainerItemProxy */ = {
			isa = PBXContainerItemProxy;
			containerPortal = 6FEFD4202D00777500DE8FE0 /* Project object */;
			proxyType = 1;
			remoteGlobalIDString = 6FEFD4272D00777500DE8FE0;
			remoteInfo = WeatherCW;
		};
		6FEFD4432D00777600DE8FE0 /* PBXContainerItemProxy */ = {
			isa = PBXContainerItemProxy;
			containerPortal = 6FEFD4202D00777500DE8FE0 /* Project object */;
			proxyType = 1;
			remoteGlobalIDString = 6FEFD4272D00777500DE8FE0;
			remoteInfo = WeatherCW;
		};
/* End PBXContainerItemProxy section */

/* Begin PBXFileReference section */
		6FEFD4282D00777500DE8FE0 /* WeatherCW.app */ = {isa = PBXFileReference; explicitFileType = wrapper.application; includeInIndex = 0; path = WeatherCW.app; sourceTree = BUILT_PRODUCTS_DIR; };
		6FEFD4382D00777600DE8FE0 /* WeatherCWTests.xctest */ = {isa = PBXFileReference; explicitFileType = wrapper.cfbundle; includeInIndex = 0; path = WeatherCWTests.xctest; sourceTree = BUILT_PRODUCTS_DIR; };
		6FEFD4422D00777600DE8FE0 /* WeatherCWUITests.xctest */ = {isa = PBXFileReference; explicitFileType = wrapper.cfbundle; includeInIndex = 0; path = WeatherCWUITests.xctest; sourceTree = BUILT_PRODUCTS_DIR; };
/* End PBXFileReference section */

/* Begin PBXFileSystemSynchronizedRootGroup section */
		6FEFD42A2D00777500DE8FE0 /* WeatherCW */ = {
			isa = PBXFileSystemSynchronizedRootGroup;
			path = WeatherCW;
			sourceTree = "<group>";
		};
		6FEFD43B2D00777600DE8FE0 /* WeatherCWTests */ = {
			isa = PBXFileSystemSynchronizedRootGroup;
			path = WeatherCWTests;
			sourceTree = "<group>";
		};
		6FEFD4452D00777600DE8FE0 /* WeatherCWUITests */ = {
			isa = PBXFileSystemSynchronizedRootGroup;
			path = WeatherCWUITests;
			sourceTree = "<group>";
		};
/* End PBXFileSystemSynchronizedRootGroup section */

/* Begin PBXFrameworksBuildPhase section */
		6FEFD4252D00777500DE8FE0 /* Frameworks */ = {
			isa = PBXFrameworksBuildPhase;
			buildActionMask = 2147483647;
			files = (
			);
			runOnlyForDeploymentPostprocessing = 0;
		};
		6FEFD4352D00777600DE8FE0 /* Frameworks */ = {
			isa = PBXFrameworksBuildPhase;
			buildActionMask = 2147483647;
			files = (
			);
			runOnlyForDeploymentPostprocessing = 0;
		};
		6FEFD43F2D00777600DE8FE0 /* Frameworks */ = {
			isa = PBXFrameworksBuildPhase;
			buildActionMask = 2147483647;
			files = (
			);
			runOnlyForDeploymentPostprocessing = 0;
		};
/* End PBXFrameworksBuildPhase section */

/* Begin PBXGroup section */
		6FEFD41F2D00777500DE8FE0 = {
			isa = PBXGroup;
			children = (
				6FEFD42A2D00777500DE8FE0 /* WeatherCW */,
				6FEFD43B2D00777600DE8FE0 /* WeatherCWTests */,
				6FEFD4452D00777600DE8FE0 /* WeatherCWUITests */,
				6FEFD4292D00777500DE8FE0 /* Products */,
			);
			sourceTree = "<group>";
		};
		6FEFD4292D00777500DE8FE0 /* Products */ = {
			isa = PBXGroup;
			children = (
				6FEFD4282D00777500DE8FE0 /* WeatherCW.app */,
				6FEFD4382D00777600DE8FE0 /* WeatherCWTests.xctest */,
				6FEFD4422D00777600DE8FE0 /* WeatherCWUITests.xctest */,
			);
			name = Products;
			sourceTree = "<group>";
		};
/* End PBXGroup section */

/* Begin PBXNativeTarget section */
		6FEFD4272D00777500DE8FE0 /* WeatherCW */ = {
			isa = PBXNativeTarget;
			buildConfigurationList = 6FEFD44C2D00777600DE8FE0 /* Build configuration list for PBXNativeTarget "WeatherCW" */;
			buildPhases = (
				6FEFD4242D00777500DE8FE0 /* Sources */,
				6FEFD4252D00777500DE8FE0 /* Frameworks */,
				6FEFD4262D00777500DE8FE0 /* Resources */,
			);
			buildRules = (
			);
			dependencies = (
			);
			fileSystemSynchronizedGroups = (
				6FEFD42A2D00777500DE8FE0 /* WeatherCW */,
			);
			name = WeatherCW;
			packageProductDependencies = (
			);
			productName = WeatherCW;
			productReference = 6FEFD4282D00777500DE8FE0 /* WeatherCW.app */;
			productType = "com.apple.product-type.application";
		};
		6FEFD4372D00777600DE8FE0 /* WeatherCWTests */ = {
			isa = PBXNativeTarget;
			buildConfigurationList = 6FEFD44F2D00777600DE8FE0 /* Build configuration list for PBXNativeTarget "WeatherCWTests" */;
			buildPhases = (
				6FEFD4342D00777600DE8FE0 /* Sources */,
				6FEFD4352D00777600DE8FE0 /* Frameworks */,
				6FEFD4362D00777600DE8FE0 /* Resources */,
			);
			buildRules = (
			);
			dependencies = (
				6FEFD43A2D00777600DE8FE0 /* PBXTargetDependency */,
			);
			fileSystemSynchronizedGroups = (
				6FEFD43B2D00777600DE8FE0 /* WeatherCWTests */,
			);
			name = WeatherCWTests;
			packageProductDependencies = (
			);
			productName = WeatherCWTests;
			productReference = 6FEFD4382D00777600DE8FE0 /* WeatherCWTests.xctest */;
			productType = "com.apple.product-type.bundle.unit-test";
		};
		6FEFD4412D00777600DE8FE0 /* WeatherCWUITests */ = {
			isa = PBXNativeTarget;
			buildConfigurationList = 6FEFD4522D00777600DE8FE0 /* Build configuration list for PBXNativeTarget "WeatherCWUITests" */;
			buildPhases = (
				6FEFD43E2D00777600DE8FE0 /* Sources */,
				6FEFD43F2D00777600DE8FE0 /* Frameworks */,
				6FEFD4402D00777600DE8FE0 /* Resources */,
			);
			buildRules = (
			);
			dependencies = (
				6FEFD4442D00777600DE8FE0 /* PBXTargetDependency */,
			);
			fileSystemSynchronizedGroups = (
				6FEFD4452D00777600DE8FE0 /* WeatherCWUITests */,
			);
			name = WeatherCWUITests;
			packageProductDependencies = (
			);
			productName = WeatherCWUITests;
			productReference = 6FEFD4422D00777600DE8FE0 /* WeatherCWUITests.xctest */;
			productType = "com.apple.product-type.bundle.ui-testing";
		};
/* End PBXNativeTarget section */

/* Begin PBXProject section */
		6FEFD4202D00777500DE8FE0 /* Project object */ = {
			isa = PBXProject;
			attributes = {
				BuildIndependentTargetsInParallel = 1;
				LastSwiftUpdateCheck = 1610;
				LastUpgradeCheck = 1610;
				TargetAttributes = {
					6FEFD4272D00777500DE8FE0 = {
						CreatedOnToolsVersion = 16.1;
					};
					6FEFD4372D00777600DE8FE0 = {
						CreatedOnToolsVersion = 16.1;
						TestTargetID = 6FEFD4272D00777500DE8FE0;
					};
					6FEFD4412D00777600DE8FE0 = {
						CreatedOnToolsVersion = 16.1;
						TestTargetID = 6FEFD4272D00777500DE8FE0;
					};
				};
			};
			buildConfigurationList = 6FEFD4232D00777500DE8FE0 /* Build configuration list for PBXProject "WeatherCW" */;
			developmentRegion = en;
			hasScannedForEncodings = 0;
			knownRegions = (
				en,
				Base,
			);
			mainGroup = 6FEFD41F2D00777500DE8FE0;
			minimizedProjectReferenceProxies = 1;
			preferredProjectObjectVersion = 77;
			productRefGroup = 6FEFD4292D00777500DE8FE0 /* Products */;
			projectDirPath = "";
			projectRoot = "";
			targets = (
				6FEFD4272D00777500DE8FE0 /* WeatherCW */,
				6FEFD4372D00777600DE8FE0 /* WeatherCWTests */,
				6FEFD4412D00777600DE8FE0 /* WeatherCWUITests */,
			);
		};
/* End PBXProject section */

/* Begin PBXResourcesBuildPhase section */
		6FEFD4262D00777500DE8FE0 /* Resources */ = {
			isa = PBXResourcesBuildPhase;
			buildActionMask = 2147483647;
			files = (
			);
			runOnlyForDeploymentPostprocessing = 0;
		};
		6FEFD4362D00777600DE8FE0 /* Resources */ = {
			isa = PBXResourcesBuildPhase;
			buildActionMask = 2147483647;
			files = (
			);
			runOnlyForDeploymentPostprocessing = 0;
		};
		6FEFD4402D00777600DE8FE0 /* Resources */ = {
			isa = PBXResourcesBuildPhase;
			buildActionMask = 2147483647;
			files = (
			);
			runOnlyForDeploymentPostprocessing = 0;
		};
/* End PBXResourcesBuildPhase section */

/* Begin PBXSourcesBuildPhase section */
		6FEFD4242D00777500DE8FE0 /* Sources */ = {
			isa = PBXSourcesBuildPhase;
			buildActionMask = 2147483647;
			files = (
			);
			runOnlyForDeploymentPostprocessing = 0;
		};
		6FEFD4342D00777600DE8FE0 /* Sources */ = {
			isa = PBXSourcesBuildPhase;
			buildActionMask = 2147483647;
			files = (
			);
			runOnlyForDeploymentPostprocessing = 0;
		};
		6FEFD43E2D00777600DE8FE0 /* Sources */ = {
			isa = PBXSourcesBuildPhase;
			buildActionMask = 2147483647;
			files = (
			);
			runOnlyForDeploymentPostprocessing = 0;
		};
/* End PBXSourcesBuildPhase section */

/* Begin PBXTargetDependency section */
		6FEFD43A2D00777600DE8FE0 /* PBXTargetDependency */ = {
			isa = PBXTargetDependency;
			target = 6FEFD4272D00777500DE8FE0 /* WeatherCW */;
			targetProxy = 6FEFD4392D00777600DE8FE0 /* PBXContainerItemProxy */;
		};
		6FEFD4442D00777600DE8FE0 /* PBXTargetDependency */ = {
			isa = PBXTargetDependency;
			target = 6FEFD4272D00777500DE8FE0 /* WeatherCW */;
			targetProxy = 6FEFD4432D00777600DE8FE0 /* PBXContainerItemProxy */;
		};
/* End PBXTargetDependency section */

/* Begin XCBuildConfiguration section */
		6FEFD44A2D00777600DE8FE0 /* Debug */ = {
			isa = XCBuildConfiguration;
			buildSettings = {
				ALWAYS_SEARCH_USER_PATHS = NO;
				ASSETCATALOG_COMPILER_GENERATE_SWIFT_ASSET_SYMBOL_EXTENSIONS = YES;
				CLANG_ANALYZER_NONNULL = YES;
				CLANG_ANALYZER_NUMBER_OBJECT_CONVERSION = YES_AGGRESSIVE;
				CLANG_CXX_LANGUAGE_STANDARD = "gnu++20";
				CLANG_ENABLE_MODULES = YES;
				CLANG_ENABLE_OBJC_ARC = YES;
				CLANG_ENABLE_OBJC_WEAK = YES;
				CLANG_WARN_BLOCK_CAPTURE_AUTORELEASING = YES;
				CLANG_WARN_BOOL_CONVERSION = YES;
				CLANG_WARN_COMMA = YES;
				CLANG_WARN_CONSTANT_CONVERSION = YES;
				CLANG_WARN_DEPRECATED_OBJC_IMPLEMENTATIONS = YES;
				CLANG_WARN_DIRECT_OBJC_ISA_USAGE = YES_ERROR;
				CLANG_WARN_DOCUMENTATION_COMMENTS = YES;
				CLANG_WARN_EMPTY_BODY = YES;
				CLANG_WARN_ENUM_CONVERSION = YES;
				CLANG_WARN_INFINITE_RECURSION = YES;
				CLANG_WARN_INT_CONVERSION = YES;
				CLANG_WARN_NON_LITERAL_NULL_CONVERSION = YES;
				CLANG_WARN_OBJC_IMPLICIT_RETAIN_SELF = YES;
				CLANG_WARN_OBJC_LITERAL_CONVERSION = YES;
				CLANG_WARN_OBJC_ROOT_CLASS = YES_ERROR;
				CLANG_WARN_QUOTED_INCLUDE_IN_FRAMEWORK_HEADER = YES;
				CLANG_WARN_RANGE_LOOP_ANALYSIS = YES;
				CLANG_WARN_STRICT_PROTOTYPES = YES;
				CLANG_WARN_SUSPICIOUS_MOVE = YES;
				CLANG_WARN_UNGUARDED_AVAILABILITY = YES_AGGRESSIVE;
				CLANG_WARN_UNREACHABLE_CODE = YES;
				CLANG_WARN__DUPLICATE_METHOD_MATCH = YES;
				COPY_PHASE_STRIP = NO;
				DEBUG_INFORMATION_FORMAT = dwarf;
				ENABLE_STRICT_OBJC_MSGSEND = YES;
				ENABLE_TESTABILITY = YES;
				ENABLE_USER_SCRIPT_SANDBOXING = YES;
				GCC_C_LANGUAGE_STANDARD = gnu17;
				GCC_DYNAMIC_NO_PIC = NO;
				GCC_NO_COMMON_BLOCKS = YES;
				GCC_OPTIMIZATION_LEVEL = 0;
				GCC_PREPROCESSOR_DEFINITIONS = (
					"DEBUG=1",
					"$(inherited)",
				);
				GCC_WARN_64_TO_32_BIT_CONVERSION = YES;
				GCC_WARN_ABOUT_RETURN_TYPE = YES_ERROR;
				GCC_WARN_UNDECLARED_SELECTOR = YES;
				GCC_WARN_UNINITIALIZED_AUTOS = YES_AGGRESSIVE;
				GCC_WARN_UNUSED_FUNCTION = YES;
				GCC_WARN_UNUSED_VARIABLE = YES;
				IPHONEOS_DEPLOYMENT_TARGET = 18.1;
				LOCALIZATION_PREFERS_STRING_CATALOGS = YES;
				MTL_ENABLE_DEBUG_INFO = INCLUDE_SOURCE;
				MTL_FAST_MATH = YES;
				ONLY_ACTIVE_ARCH = YES;
				SDKROOT = iphoneos;
				SWIFT_ACTIVE_COMPILATION_CONDITIONS = "DEBUG $(inherited)";
				SWIFT_OPTIMIZATION_LEVEL = "-Onone";
			};
			name = Debug;
		};
		6FEFD44B2D00777600DE8FE0 /* Release */ = {
			isa = XCBuildConfiguration;
			buildSettings = {
				ALWAYS_SEARCH_USER_PATHS = NO;
				ASSETCATALOG_COMPILER_GENERATE_SWIFT_ASSET_SYMBOL_EXTENSIONS = YES;
				CLANG_ANALYZER_NONNULL = YES;
				CLANG_ANALYZER_NUMBER_OBJECT_CONVERSION = YES_AGGRESSIVE;
				CLANG_CXX_LANGUAGE_STANDARD = "gnu++20";
				CLANG_ENABLE_MODULES = YES;
				CLANG_ENABLE_OBJC_ARC = YES;
				CLANG_ENABLE_OBJC_WEAK = YES;
				CLANG_WARN_BLOCK_CAPTURE_AUTORELEASING = YES;
				CLANG_WARN_BOOL_CONVERSION = YES;
				CLANG_WARN_COMMA = YES;
				CLANG_WARN_CONSTANT_CONVERSION = YES;
				CLANG_WARN_DEPRECATED_OBJC_IMPLEMENTATIONS = YES;
				CLANG_WARN_DIRECT_OBJC_ISA_USAGE = YES_ERROR;
				CLANG_WARN_DOCUMENTATION_COMMENTS = YES;
				CLANG_WARN_EMPTY_BODY = YES;
				CLANG_WARN_ENUM_CONVERSION = YES;
				CLANG_WARN_INFINITE_RECURSION = YES;
				CLANG_WARN_INT_CONVERSION = YES;
				CLANG_WARN_NON_LITERAL_NULL_CONVERSION = YES;
				CLANG_WARN_OBJC_IMPLICIT_RETAIN_SELF = YES;
				CLANG_WARN_OBJC_LITERAL_CONVERSION = YES;
				CLANG_WARN_OBJC_ROOT_CLASS = YES_ERROR;
				CLANG_WARN_QUOTED_INCLUDE_IN_FRAMEWORK_HEADER = YES;
				CLANG_WARN_RANGE_LOOP_ANALYSIS = YES;
				CLANG_WARN_STRICT_PROTOTYPES = YES;
				CLANG_WARN_SUSPICIOUS_MOVE = YES;
				CLANG_WARN_UNGUARDED_AVAILABILITY = YES_AGGRESSIVE;
				CLANG_WARN_UNREACHABLE_CODE = YES;
				CLANG_WARN__DUPLICATE_METHOD_MATCH = YES;
				COPY_PHASE_STRIP = NO;
				DEBUG_INFORMATION_FORMAT = "dwarf-with-dsym";
				ENABLE_NS_ASSERTIONS = NO;
				ENABLE_STRICT_OBJC_MSGSEND = YES;
				ENABLE_USER_SCRIPT_SANDBOXING = YES;
				GCC_C_LANGUAGE_STANDARD = gnu17;
				GCC_NO_COMMON_BLOCKS = YES;
				GCC_WARN_64_TO_32_BIT_CONVERSION = YES;
				GCC_WARN_ABOUT_RETURN_TYPE = YES_ERROR;
				GCC_WARN_UNDECLARED_SELECTOR = YES;
				GCC_WARN_UNINITIALIZED_AUTOS = YES_AGGRESSIVE;
				GCC_WARN_UNUSED_FUNCTION = YES;
				GCC_WARN_UNUSED_VARIABLE = YES;
				IPHONEOS_DEPLOYMENT_TARGET = 18.1;
				LOCALIZATION_PREFERS_STRING_CATALOGS = YES;
				MTL_ENABLE_DEBUG_INFO = NO;
				MTL_FAST_MATH = YES;
				SDKROOT = iphoneos;
				SWIFT_COMPILATION_MODE = wholemodule;
				VALIDATE_PRODUCT = YES;
			};
			name = Release;
		};
		6FEFD44D2D00777600DE8FE0 /* Debug */ = {
			isa = XCBuildConfiguration;
			buildSettings = {
				ASSETCATALOG_COMPILER_APPICON_NAME = AppIcon;
				ASSETCATALOG_COMPILER_GLOBAL_ACCENT_COLOR_NAME = AccentColor;
				CODE_SIGN_STYLE = Automatic;
				CURRENT_PROJECT_VERSION = 1;
				DEVELOPMENT_ASSET_PATHS = "\"WeatherCW/Preview Content\"";
				DEVELOPMENT_TEAM = VV338QHZYU;
				ENABLE_PREVIEWS = YES;
				GENERATE_INFOPLIST_FILE = YES;
				INFOPLIST_KEY_UIApplicationSceneManifest_Generation = YES;
				INFOPLIST_KEY_UIApplicationSupportsIndirectInputEvents = YES;
				INFOPLIST_KEY_UILaunchScreen_Generation = YES;
				INFOPLIST_KEY_UISupportedInterfaceOrientations_iPad = "UIInterfaceOrientationPortrait UIInterfaceOrientationPortraitUpsideDown UIInterfaceOrientationLandscapeLeft UIInterfaceOrientationLandscapeRight";
				INFOPLIST_KEY_UISupportedInterfaceOrientations_iPhone = "UIInterfaceOrientationPortrait UIInterfaceOrientationLandscapeLeft UIInterfaceOrientationLandscapeRight";
				IPHONEOS_DEPLOYMENT_TARGET = 18.0;
				LD_RUNPATH_SEARCH_PATHS = (
					"$(inherited)",
					"@executable_path/Frameworks",
				);
				MARKETING_VERSION = 1.0;
				PRODUCT_BUNDLE_IDENTIFIER = com.yourcompany.WeatherCW;
				PRODUCT_NAME = "$(TARGET_NAME)";
				SWIFT_EMIT_LOC_STRINGS = YES;
				SWIFT_VERSION = 5.0;
				TARGETED_DEVICE_FAMILY = "1,2";
			};
			name = Debug;
		};
		6FEFD44E2D00777600DE8FE0 /* Release */ = {
			isa = XCBuildConfiguration;
			buildSettings = {
				ASSETCATALOG_COMPILER_APPICON_NAME = AppIcon;
				ASSETCATALOG_COMPILER_GLOBAL_ACCENT_COLOR_NAME = AccentColor;
				CODE_SIGN_STYLE = Automatic;
				CURRENT_PROJECT_VERSION = 1;
				DEVELOPMENT_ASSET_PATHS = "\"WeatherCW/Preview Content\"";
				DEVELOPMENT_TEAM = VV338QHZYU;
				ENABLE_PREVIEWS = YES;
				GENERATE_INFOPLIST_FILE = YES;
				INFOPLIST_KEY_UIApplicationSceneManifest_Generation = YES;
				INFOPLIST_KEY_UIApplicationSupportsIndirectInputEvents = YES;
				INFOPLIST_KEY_UILaunchScreen_Generation = YES;
				INFOPLIST_KEY_UISupportedInterfaceOrientations_iPad = "UIInterfaceOrientationPortrait UIInterfaceOrientationPortraitUpsideDown UIInterfaceOrientationLandscapeLeft UIInterfaceOrientationLandscapeRight";
				INFOPLIST_KEY_UISupportedInterfaceOrientations_iPhone = "UIInterfaceOrientationPortrait UIInterfaceOrientationLandscapeLeft UIInterfaceOrientationLandscapeRight";
				IPHONEOS_DEPLOYMENT_TARGET = 18.0;
				LD_RUNPATH_SEARCH_PATHS = (
					"$(inherited)",
					"@executable_path/Frameworks",
				);
				MARKETING_VERSION = 1.0;
				PRODUCT_BUNDLE_IDENTIFIER = com.yourcompany.WeatherCW;
				PRODUCT_NAME = "$(TARGET_NAME)";
				SWIFT_EMIT_LOC_STRINGS = YES;
				SWIFT_VERSION = 5.0;
				TARGETED_DEVICE_FAMILY = "1,2";
			};
			name = Release;
		};
		6FEFD4502D00777600DE8FE0 /* Debug */ = {
			isa = XCBuildConfiguration;
			buildSettings = {
				BUNDLE_LOADER = "$(TEST_HOST)";
				CODE_SIGN_STYLE = Automatic;
				CURRENT_PROJECT_VERSION = 1;
				DEVELOPMENT_TEAM = VV338QHZYU;
				GENERATE_INFOPLIST_FILE = YES;
				IPHONEOS_DEPLOYMENT_TARGET = 18.1;
				MARKETING_VERSION = 1.0;
				PRODUCT_BUNDLE_IDENTIFIER = com.yourcompany.WeatherCWTests;
				PRODUCT_NAME = "$(TARGET_NAME)";
				SWIFT_EMIT_LOC_STRINGS = NO;
				SWIFT_VERSION = 5.0;
				TARGETED_DEVICE_FAMILY = "1,2";
				TEST_HOST = "$(BUILT_PRODUCTS_DIR)/WeatherCW.app/$(BUNDLE_EXECUTABLE_FOLDER_PATH)/WeatherCW";
			};
			name = Debug;
		};
		6FEFD4512D00777600DE8FE0 /* Release */ = {
			isa = XCBuildConfiguration;
			buildSettings = {
				BUNDLE_LOADER = "$(TEST_HOST)";
				CODE_SIGN_STYLE = Automatic;
				CURRENT_PROJECT_VERSION = 1;
				DEVELOPMENT_TEAM = VV338QHZYU;
				GENERATE_INFOPLIST_FILE = YES;
				IPHONEOS_DEPLOYMENT_TARGET = 18.1;
				MARKETING_VERSION = 1.0;
				PRODUCT_BUNDLE_IDENTIFIER = com.yourcompany.WeatherCWTests;
				PRODUCT_NAME = "$(TARGET_NAME)";
				SWIFT_EMIT_LOC_STRINGS = NO;
				SWIFT_VERSION = 5.0;
				TARGETED_DEVICE_FAMILY = "1,2";
				TEST_HOST = "$(BUILT_PRODUCTS_DIR)/WeatherCW.app/$(BUNDLE_EXECUTABLE_FOLDER_PATH)/WeatherCW";
			};
			name = Release;
		};
		6FEFD4532D00777600DE8FE0 /* Debug */ = {
			isa = XCBuildConfiguration;
			buildSettings = {
				CODE_SIGN_STYLE = Automatic;
				CURRENT_PROJECT_VERSION = 1;
				DEVELOPMENT_TEAM = VV338QHZYU;
				GENERATE_INFOPLIST_FILE = YES;
				MARKETING_VERSION = 1.0;
				PRODUCT_BUNDLE_IDENTIFIER = com.yourcompany.WeatherCWUITests;
				PRODUCT_NAME = "$(TARGET_NAME)";
				SWIFT_EMIT_LOC_STRINGS = NO;
				SWIFT_VERSION = 5.0;
				TARGETED_DEVICE_FAMILY = "1,2";
				TEST_TARGET_NAME = WeatherCW;
			};
			name = Debug;
		};
		6FEFD4542D00777600DE8FE0 /* Release */ = {
			isa = XCBuildConfiguration;
			buildSettings = {
				CODE_SIGN_STYLE = Automatic;
				CURRENT_PROJECT_VERSION = 1;
				DEVELOPMENT_TEAM = VV338QHZYU;
				GENERATE_INFOPLIST_FILE = YES;
				MARKETING_VERSION = 1.0;
				PRODUCT_BUNDLE_IDENTIFIER = com.yourcompany.WeatherCWUITests;
				PRODUCT_NAME = "$(TARGET_NAME)";
				SWIFT_EMIT_LOC_STRINGS = NO;
				SWIFT_VERSION = 5.0;
				TARGETED_DEVICE_FAMILY = "1,2";
				TEST_TARGET_NAME = WeatherCW;
			};
			name = Release;
		};
/* End XCBuildConfiguration section */

/* Begin XCConfigurationList section */
		6FEFD4232D00777500DE8FE0 /* Build configuration list for PBXProject "WeatherCW" */ = {
			isa = XCConfigurationList;
			buildConfigurations = (
				6FEFD44A2D00777600DE8FE0 /* Debug */,
				6FEFD44B2D00777600DE8FE0 /* Release */,
			);
			defaultConfigurationIsVisible = 0;
			defaultConfigurationName = Release;
		};
		6FEFD44C2D00777600DE8FE0 /* Build configuration list for PBXNativeTarget "WeatherCW" */ = {
			isa = XCConfigurationList;
			buildConfigurations = (
				6FEFD44D2D00777600DE8FE0 /* Debug */,
				6FEFD44E2D00777600DE8FE0 /* Release */,
			);
			defaultConfigurationIsVisible = 0;
			defaultConfigurationName = Release;
		};
		6FEFD44F2D00777600DE8FE0 /* Build configuration list for PBXNativeTarget "WeatherCWTests" */ = {
			isa = XCConfigurationList;
			buildConfigurations = (
				6FEFD4502D00777600DE8FE0 /* Debug */,
				6FEFD4512D00777600DE8FE0 /* Release */,
			);
			defaultConfigurationIsVisible = 0;
			defaultConfigurationName = Release;
		};
		6FEFD4522D00777600DE8FE0 /* Build configuration list for PBXNativeTarget "WeatherCWUITests" */ = {
			isa = XCConfigurationList;
			buildConfigurations = (
				6FEFD4532D00777600DE8FE0 /* Debug */,
				6FEFD4542D00777600DE8FE0 /* Release */,
			);
			defaultConfigurationIsVisible = 0;
			defaultConfigurationName = Release;
		};
/* End XCConfigurationList section */
	};
	rootObject = 6FEFD4202D00777500DE8FE0 /* Project object */;
}
